
Microsoft Visual Studio Solution File, Format Version 12.00
# Visual Studio 15
Project("{FAE04EC0-301F-11D3-BF4B-00C04F79EFBC}") = "Assembly-CSharp", "Assembly-CSharp.csproj", "{CC13BF2D-50E0-1EFC-6873-DB9054E40901}"
EndProject
Project("{FAE04EC0-301F-11D3-BF4B-00C04F79EFBC}") = "Assembly-CSharp-Editor", "Assembly-CSharp-Editor.csproj", "{99681771-F90A-BA16-A816-5A32E55AA879}"
EndProject
Global
	GlobalSection(SolutionConfigurationPlatforms) = preSolution
		Debug|Any CPU = Debug|Any CPU
		Release|Any CPU = Release|Any CPU
	EndGlobalSection
	GlobalSection(ProjectConfigurationPlatforms) = postSolution
		{CC13BF2D-50E0-1EFC-6873-DB9054E40901}.Debug|Any CPU.ActiveCfg = Debug|Any CPU
		{CC13BF2D-50E0-1EFC-6873-DB9054E40901}.Debug|Any CPU.Build.0 = Debug|Any CPU
		{CC13BF2D-50E0-1EFC-6873-DB9054E40901}.Release|Any CPU.ActiveCfg = Release|Any CPU
		{CC13BF2D-50E0-1EFC-6873-DB9054E40901}.Release|Any CPU.Build.0 = Release|Any CPU
		{99681771-F90A-BA16-A816-5A32E55AA879}.Debug|Any CPU.ActiveCfg = Debug|Any CPU
		{99681771-F90A-BA16-A816-5A32E55AA879}.Debug|Any CPU.Build.0 = Debug|Any CPU
		{99681771-F90A-BA16-A816-5A32E55AA879}.Release|Any CPU.ActiveCfg = Release|Any CPU
		{99681771-F90A-BA16-A816-5A32E55AA879}.Release|Any CPU.Build.0 = Release|Any CPU
	EndGlobalSection
	GlobalSection(SolutionProperties) = preSolution
		HideSolutionNode = FALSE
	EndGlobalSection
EndGlobal
